
Microsoft Visual Studio Solution File, Format Version 12.00
Project("{FAE04EC0-301F-11D3-BF4B-00C04F79EFBC}") = "marix-mul", "marix-mul.csproj", "{371C6F73-A9CF-45F3-98F6-38DF63243EB5}"
EndProject
Global
	GlobalSection(SolutionConfigurationPlatforms) = preSolution
		Debug|Any CPU = Debug|Any CPU
		Release|Any CPU = Release|Any CPU
	EndGlobalSection
	GlobalSection(ProjectConfigurationPlatforms) = postSolution
		{371C6F73-A9CF-45F3-98F6-38DF63243EB5}.Debug|Any CPU.ActiveCfg = Debug|Any CPU
		{371C6F73-A9CF-45F3-98F6-38DF63243EB5}.Debug|Any CPU.Build.0 = Debug|Any CPU
		{371C6F73-A9CF-45F3-98F6-38DF63243EB5}.Release|Any CPU.ActiveCfg = Release|Any CPU
		{371C6F73-A9CF-45F3-98F6-38DF63243EB5}.Release|Any CPU.Build.0 = Release|Any CPU
	EndGlobalSection
EndGlobal
